
Microsoft Visual Studio Solution File, Format Version 12.00
# Visual Studio 2013
VisualStudioVersion = 12.0.30723.0
MinimumVisualStudioVersion = 10.0.40219.1
Project("{8BC9CEB8-8B4A-11D0-8D11-00A0C91BC942}") = "Game", "Code\Game\Game.vcxproj", "{8BD345F5-D9D2-48E5-B94A-ECFD3ADD0C12}"
	ProjectSection(ProjectDependencies) = postProject
		{8A456F4F-DAB4-4C14-A9F8-87E4ECB9B50F} = {8A456F4F-DAB4-4C14-A9F8-87E4ECB9B50F}
		{142C42F2-AC79-4365-8B97-29D7A94CFDDF} = {142C42F2-AC79-4365-8B97-29D7A94CFDDF}
	EndProjectSection
EndProject
Project("{2150E333-8FDC-42A3-9474-1A3956D46DE8}") = "Game", "Game", "{29F978D8-DB33-46AD-8FFA-88C546C2575B}"
EndProject
Project("{2150E333-8FDC-42A3-9474-1A3956D46DE8}") = "Tools", "Tools", "{3CA002B2-8978-45BD-AB03-DA408F9276E5}"
EndProject
Project("{8BC9CEB8-8B4A-11D0-8D11-00A0C91BC942}") = "BuildAssets", "Code\Tools\BuildAssets\BuildAssets.vcxproj", "{45D1188E-7602-4EF5-A320-AC10104B5BE6}"
	ProjectSection(ProjectDependencies) = postProject
		{03D23A2A-505F-469A-9658-C7664D498C00} = {03D23A2A-505F-469A-9658-C7664D498C00}
		{A238D12D-CB17-4281-BC1C-0B96357DC45D} = {A238D12D-CB17-4281-BC1C-0B96357DC45D}
		{589A3D35-DABA-46A5-BF30-A22EF8F94EA5} = {589A3D35-DABA-46A5-BF30-A22EF8F94EA5}
		{6AFDDF67-EAB3-4FEB-9109-9EBD6AD5DF48} = {6AFDDF67-EAB3-4FEB-9109-9EBD6AD5DF48}
		{9C3272B7-E4A4-426B-940D-B491980A9478} = {9C3272B7-E4A4-426B-940D-B491980A9478}
		{6F072BD5-6BF6-43F7-8D0C-881D82600DD6} = {6F072BD5-6BF6-43F7-8D0C-881D82600DD6}
	EndProjectSection
EndProject
Project("{8BC9CEB8-8B4A-11D0-8D11-00A0C91BC942}") = "AssetBuilder", "Code\Tools\AssetBuilder\AssetBuilder.vcxproj", "{A238D12D-CB17-4281-BC1C-0B96357DC45D}"
	ProjectSection(ProjectDependencies) = postProject
		{88602370-C636-45E5-B4D1-30D0C3361659} = {88602370-C636-45E5-B4D1-30D0C3361659}
	EndProjectSection
EndProject
Project("{2150E333-8FDC-42A3-9474-1A3956D46DE8}") = "External", "External", "{D3BEA75F-6F62-411F-99CF-458967700AC1}"
EndProject
Project("{2150E333-8FDC-42A3-9474-1A3956D46DE8}") = "Scripts", "Scripts", "{8ED2DEF1-3E30-4BAB-A15D-7727929C8B1E}"
	ProjectSection(SolutionItems) = preProject
		Scripts\AssetsToBuild.lua = Scripts\AssetsToBuild.lua
		Scripts\BuildAssets.lua = Scripts\BuildAssets.lua
	EndProjectSection
EndProject
Project("{8BC9CEB8-8B4A-11D0-8D11-00A0C91BC942}") = "LuaLib", "Code\External\Lua\LuaLib\LuaLib.vcxproj", "{88602370-C636-45E5-B4D1-30D0C3361659}"
EndProject
Project("{8BC9CEB8-8B4A-11D0-8D11-00A0C91BC942}") = "LuaC", "Code\External\Lua\LuaC\LuaC.vcxproj", "{C2D106D8-E1E1-4F6A-A0E8-D9E18FD2112D}"
	ProjectSection(ProjectDependencies) = postProject
		{88602370-C636-45E5-B4D1-30D0C3361659} = {88602370-C636-45E5-B4D1-30D0C3361659}
	EndProjectSection
EndProject
Project("{8BC9CEB8-8B4A-11D0-8D11-00A0C91BC942}") = "Lua", "Code\External\Lua\Lua\Lua.vcxproj", "{9DA3A343-BF4C-4167-88F9-076994F375D1}"
	ProjectSection(ProjectDependencies) = postProject
		{88602370-C636-45E5-B4D1-30D0C3361659} = {88602370-C636-45E5-B4D1-30D0C3361659}
	EndProjectSection
EndProject
Project("{2150E333-8FDC-42A3-9474-1A3956D46DE8}") = "Engine", "Engine", "{AD9CE35F-659D-4BBE-B9AE-9BEBC1A72538}"
EndProject
Project("{8BC9CEB8-8B4A-11D0-8D11-00A0C91BC942}") = "Engine", "Code\Engine\Engine.vcxproj", "{8A456F4F-DAB4-4C14-A9F8-87E4ECB9B50F}"
	ProjectSection(ProjectDependencies) = postProject
		{88602370-C636-45E5-B4D1-30D0C3361659} = {88602370-C636-45E5-B4D1-30D0C3361659}
	EndProjectSection
EndProject
Project("{8BC9CEB8-8B4A-11D0-8D11-00A0C91BC942}") = "GenericBuilder", "Code\Tools\GenericBuilder\GenericBuilder.vcxproj", "{9C3272B7-E4A4-426B-940D-B491980A9478}"
	ProjectSection(ProjectDependencies) = postProject
		{3E2C6493-E9A2-4510-8E92-58B24B33DBE1} = {3E2C6493-E9A2-4510-8E92-58B24B33DBE1}
	EndProjectSection
EndProject
Project("{8BC9CEB8-8B4A-11D0-8D11-00A0C91BC942}") = "BuilderHelper", "Code\Tools\BuilderHelper\BuilderHelper.vcxproj", "{3E2C6493-E9A2-4510-8E92-58B24B33DBE1}"
EndProject
Project("{8BC9CEB8-8B4A-11D0-8D11-00A0C91BC942}") = "FragmentShaderBuilder", "Code\Tools\FragmentShaderBuilder\FragmentShaderBuilder.vcxproj", "{6AFDDF67-EAB3-4FEB-9109-9EBD6AD5DF48}"
	ProjectSection(ProjectDependencies) = postProject
		{3E2C6493-E9A2-4510-8E92-58B24B33DBE1} = {3E2C6493-E9A2-4510-8E92-58B24B33DBE1}
	EndProjectSection
EndProject
Project("{8BC9CEB8-8B4A-11D0-8D11-00A0C91BC942}") = "VertexShaderBuilder", "Code\Tools\VertexShaderBuilder\VertexShaderBuilder.vcxproj", "{03D23A2A-505F-469A-9658-C7664D498C00}"
	ProjectSection(ProjectDependencies) = postProject
		{3E2C6493-E9A2-4510-8E92-58B24B33DBE1} = {3E2C6493-E9A2-4510-8E92-58B24B33DBE1}
	EndProjectSection
EndProject
Project("{8BC9CEB8-8B4A-11D0-8D11-00A0C91BC942}") = "MeshBuilder", "Code\Tools\MeshBuilder\MeshBuilder.vcxproj", "{589A3D35-DABA-46A5-BF30-A22EF8F94EA5}"
	ProjectSection(ProjectDependencies) = postProject
		{88602370-C636-45E5-B4D1-30D0C3361659} = {88602370-C636-45E5-B4D1-30D0C3361659}
		{3E2C6493-E9A2-4510-8E92-58B24B33DBE1} = {3E2C6493-E9A2-4510-8E92-58B24B33DBE1}
	EndProjectSection
EndProject
Project("{8BC9CEB8-8B4A-11D0-8D11-00A0C91BC942}") = "TextureBuilder", "Code\Tools\TextureBuilder\TextureBuilder.vcxproj", "{6F072BD5-6BF6-43F7-8D0C-881D82600DD6}"
	ProjectSection(ProjectDependencies) = postProject
		{3E2C6493-E9A2-4510-8E92-58B24B33DBE1} = {3E2C6493-E9A2-4510-8E92-58B24B33DBE1}
	EndProjectSection
EndProject
Project("{8BC9CEB8-8B4A-11D0-8D11-00A0C91BC942}") = "MayaExporter", "Code\Tools\MayaExporter\MayaExporter.vcxproj", "{603CE656-CD1A-42A8-9845-D733438EB408}"
EndProject
Project("{8BC9CEB8-8B4A-11D0-8D11-00A0C91BC942}") = "UserSettings", "Code\Game\UserSettings\UserSettings.vcxproj", "{142C42F2-AC79-4365-8B97-29D7A94CFDDF}"
EndProject
Global
	GlobalSection(SolutionConfigurationPlatforms) = preSolution
		Debug|ARM = Debug|ARM
		Debug|Win32 = Debug|Win32
		Debug|x64 = Debug|x64
		Release|ARM = Release|ARM
		Release|Win32 = Release|Win32
		Release|x64 = Release|x64
	EndGlobalSection
	GlobalSection(ProjectConfigurationPlatforms) = postSolution
		{8BD345F5-D9D2-48E5-B94A-ECFD3ADD0C12}.Debug|ARM.ActiveCfg = Debug|Win32
		{8BD345F5-D9D2-48E5-B94A-ECFD3ADD0C12}.Debug|Win32.ActiveCfg = Debug|Win32
		{8BD345F5-D9D2-48E5-B94A-ECFD3ADD0C12}.Debug|Win32.Build.0 = Debug|Win32
		{8BD345F5-D9D2-48E5-B94A-ECFD3ADD0C12}.Debug|x64.ActiveCfg = Debug|Win32
		{8BD345F5-D9D2-48E5-B94A-ECFD3ADD0C12}.Release|ARM.ActiveCfg = Release|Win32
		{8BD345F5-D9D2-48E5-B94A-ECFD3ADD0C12}.Release|Win32.ActiveCfg = Release|Win32
		{8BD345F5-D9D2-48E5-B94A-ECFD3ADD0C12}.Release|Win32.Build.0 = Release|Win32
		{8BD345F5-D9D2-48E5-B94A-ECFD3ADD0C12}.Release|x64.ActiveCfg = Release|Win32
		{45D1188E-7602-4EF5-A320-AC10104B5BE6}.Debug|ARM.ActiveCfg = Debug|Win32
		{45D1188E-7602-4EF5-A320-AC10104B5BE6}.Debug|Win32.ActiveCfg = Debug|Win32
		{45D1188E-7602-4EF5-A320-AC10104B5BE6}.Debug|Win32.Build.0 = Debug|Win32
		{45D1188E-7602-4EF5-A320-AC10104B5BE6}.Debug|x64.ActiveCfg = Debug|Win32
		{45D1188E-7602-4EF5-A320-AC10104B5BE6}.Release|ARM.ActiveCfg = Release|Win32
		{45D1188E-7602-4EF5-A320-AC10104B5BE6}.Release|Win32.ActiveCfg = Release|Win32
		{45D1188E-7602-4EF5-A320-AC10104B5BE6}.Release|Win32.Build.0 = Release|Win32
		{45D1188E-7602-4EF5-A320-AC10104B5BE6}.Release|x64.ActiveCfg = Release|Win32
		{A238D12D-CB17-4281-BC1C-0B96357DC45D}.Debug|ARM.ActiveCfg = Debug|Win32
		{A238D12D-CB17-4281-BC1C-0B96357DC45D}.Debug|Win32.ActiveCfg = Debug|Win32
		{A238D12D-CB17-4281-BC1C-0B96357DC45D}.Debug|Win32.Build.0 = Debug|Win32
		{A238D12D-CB17-4281-BC1C-0B96357DC45D}.Debug|x64.ActiveCfg = Debug|Win32
		{A238D12D-CB17-4281-BC1C-0B96357DC45D}.Release|ARM.ActiveCfg = Release|Win32
		{A238D12D-CB17-4281-BC1C-0B96357DC45D}.Release|Win32.ActiveCfg = Release|Win32
		{A238D12D-CB17-4281-BC1C-0B96357DC45D}.Release|Win32.Build.0 = Release|Win32
		{A238D12D-CB17-4281-BC1C-0B96357DC45D}.Release|x64.ActiveCfg = Release|Win32
		{88602370-C636-45E5-B4D1-30D0C3361659}.Debug|ARM.ActiveCfg = Debug|Win32
		{88602370-C636-45E5-B4D1-30D0C3361659}.Debug|Win32.ActiveCfg = Debug|Win32
		{88602370-C636-45E5-B4D1-30D0C3361659}.Debug|Win32.Build.0 = Debug|Win32
		{88602370-C636-45E5-B4D1-30D0C3361659}.Debug|x64.ActiveCfg = Debug|Win32
		{88602370-C636-45E5-B4D1-30D0C3361659}.Release|ARM.ActiveCfg = Release|Win32
		{88602370-C636-45E5-B4D1-30D0C3361659}.Release|Win32.ActiveCfg = Release|Win32
		{88602370-C636-45E5-B4D1-30D0C3361659}.Release|Win32.Build.0 = Release|Win32
		{88602370-C636-45E5-B4D1-30D0C3361659}.Release|x64.ActiveCfg = Release|Win32
		{C2D106D8-E1E1-4F6A-A0E8-D9E18FD2112D}.Debug|ARM.ActiveCfg = Debug|Win32
		{C2D106D8-E1E1-4F6A-A0E8-D9E18FD2112D}.Debug|Win32.ActiveCfg = Debug|Win32
		{C2D106D8-E1E1-4F6A-A0E8-D9E18FD2112D}.Debug|Win32.Build.0 = Debug|Win32
		{C2D106D8-E1E1-4F6A-A0E8-D9E18FD2112D}.Debug|x64.ActiveCfg = Debug|Win32
		{C2D106D8-E1E1-4F6A-A0E8-D9E18FD2112D}.Release|ARM.ActiveCfg = Release|Win32
		{C2D106D8-E1E1-4F6A-A0E8-D9E18FD2112D}.Release|Win32.ActiveCfg = Release|Win32
		{C2D106D8-E1E1-4F6A-A0E8-D9E18FD2112D}.Release|Win32.Build.0 = Release|Win32
		{C2D106D8-E1E1-4F6A-A0E8-D9E18FD2112D}.Release|x64.ActiveCfg = Release|Win32
		{9DA3A343-BF4C-4167-88F9-076994F375D1}.Debug|ARM.ActiveCfg = Debug|Win32
		{9DA3A343-BF4C-4167-88F9-076994F375D1}.Debug|Win32.ActiveCfg = Debug|Win32
		{9DA3A343-BF4C-4167-88F9-076994F375D1}.Debug|Win32.Build.0 = Debug|Win32
		{9DA3A343-BF4C-4167-88F9-076994F375D1}.Debug|x64.ActiveCfg = Debug|Win32
		{9DA3A343-BF4C-4167-88F9-076994F375D1}.Release|ARM.ActiveCfg = Release|Win32
		{9DA3A343-BF4C-4167-88F9-076994F375D1}.Release|Win32.ActiveCfg = Release|Win32
		{9DA3A343-BF4C-4167-88F9-076994F375D1}.Release|Win32.Build.0 = Release|Win32
		{9DA3A343-BF4C-4167-88F9-076994F375D1}.Release|x64.ActiveCfg = Release|Win32
		{8A456F4F-DAB4-4C14-A9F8-87E4ECB9B50F}.Debug|ARM.ActiveCfg = Debug|Win32
		{8A456F4F-DAB4-4C14-A9F8-87E4ECB9B50F}.Debug|Win32.ActiveCfg = Debug|Win32
		{8A456F4F-DAB4-4C14-A9F8-87E4ECB9B50F}.Debug|Win32.Build.0 = Debug|Win32
		{8A456F4F-DAB4-4C14-A9F8-87E4ECB9B50F}.Debug|x64.ActiveCfg = Debug|Win32
		{8A456F4F-DAB4-4C14-A9F8-87E4ECB9B50F}.Release|ARM.ActiveCfg = Release|Win32
		{8A456F4F-DAB4-4C14-A9F8-87E4ECB9B50F}.Release|Win32.ActiveCfg = Release|Win32
		{8A456F4F-DAB4-4C14-A9F8-87E4ECB9B50F}.Release|Win32.Build.0 = Release|Win32
		{8A456F4F-DAB4-4C14-A9F8-87E4ECB9B50F}.Release|x64.ActiveCfg = Release|Win32
		{9C3272B7-E4A4-426B-940D-B491980A9478}.Debug|ARM.ActiveCfg = Debug|Win32
		{9C3272B7-E4A4-426B-940D-B491980A9478}.Debug|Win32.ActiveCfg = Debug|Win32
		{9C3272B7-E4A4-426B-940D-B491980A9478}.Debug|Win32.Build.0 = Debug|Win32
		{9C3272B7-E4A4-426B-940D-B491980A9478}.Debug|x64.ActiveCfg = Debug|Win32
		{9C3272B7-E4A4-426B-940D-B491980A9478}.Release|ARM.ActiveCfg = Release|Win32
		{9C3272B7-E4A4-426B-940D-B491980A9478}.Release|Win32.ActiveCfg = Release|Win32
		{9C3272B7-E4A4-426B-940D-B491980A9478}.Release|Win32.Build.0 = Release|Win32
		{9C3272B7-E4A4-426B-940D-B491980A9478}.Release|x64.ActiveCfg = Release|Win32
		{3E2C6493-E9A2-4510-8E92-58B24B33DBE1}.Debug|ARM.ActiveCfg = Debug|Win32
		{3E2C6493-E9A2-4510-8E92-58B24B33DBE1}.Debug|Win32.ActiveCfg = Debug|Win32
		{3E2C6493-E9A2-4510-8E92-58B24B33DBE1}.Debug|Win32.Build.0 = Debug|Win32
		{3E2C6493-E9A2-4510-8E92-58B24B33DBE1}.Debug|x64.ActiveCfg = Debug|Win32
		{3E2C6493-E9A2-4510-8E92-58B24B33DBE1}.Release|ARM.ActiveCfg = Release|Win32
		{3E2C6493-E9A2-4510-8E92-58B24B33DBE1}.Release|Win32.ActiveCfg = Release|Win32
		{3E2C6493-E9A2-4510-8E92-58B24B33DBE1}.Release|Win32.Build.0 = Release|Win32
		{3E2C6493-E9A2-4510-8E92-58B24B33DBE1}.Release|x64.ActiveCfg = Release|Win32
		{6AFDDF67-EAB3-4FEB-9109-9EBD6AD5DF48}.Debug|ARM.ActiveCfg = Debug|Win32
		{6AFDDF67-EAB3-4FEB-9109-9EBD6AD5DF48}.Debug|Win32.ActiveCfg = Debug|Win32
		{6AFDDF67-EAB3-4FEB-9109-9EBD6AD5DF48}.Debug|Win32.Build.0 = Debug|Win32
		{6AFDDF67-EAB3-4FEB-9109-9EBD6AD5DF48}.Debug|x64.ActiveCfg = Debug|Win32
		{6AFDDF67-EAB3-4FEB-9109-9EBD6AD5DF48}.Release|ARM.ActiveCfg = Release|Win32
		{6AFDDF67-EAB3-4FEB-9109-9EBD6AD5DF48}.Release|Win32.ActiveCfg = Release|Win32
		{6AFDDF67-EAB3-4FEB-9109-9EBD6AD5DF48}.Release|Win32.Build.0 = Release|Win32
		{6AFDDF67-EAB3-4FEB-9109-9EBD6AD5DF48}.Release|x64.ActiveCfg = Release|Win32
		{03D23A2A-505F-469A-9658-C7664D498C00}.Debug|ARM.ActiveCfg = Debug|Win32
		{03D23A2A-505F-469A-9658-C7664D498C00}.Debug|Win32.ActiveCfg = Debug|Win32
		{03D23A2A-505F-469A-9658-C7664D498C00}.Debug|Win32.Build.0 = Debug|Win32
		{03D23A2A-505F-469A-9658-C7664D498C00}.Debug|x64.ActiveCfg = Debug|Win32
		{03D23A2A-505F-469A-9658-C7664D498C00}.Release|ARM.ActiveCfg = Release|Win32
		{03D23A2A-505F-469A-9658-C7664D498C00}.Release|Win32.ActiveCfg = Release|Win32
		{03D23A2A-505F-469A-9658-C7664D498C00}.Release|Win32.Build.0 = Release|Win32
		{03D23A2A-505F-469A-9658-C7664D498C00}.Release|x64.ActiveCfg = Release|Win32
		{589A3D35-DABA-46A5-BF30-A22EF8F94EA5}.Debug|ARM.ActiveCfg = Debug|Win32
		{589A3D35-DABA-46A5-BF30-A22EF8F94EA5}.Debug|Win32.ActiveCfg = Debug|Win32
		{589A3D35-DABA-46A5-BF30-A22EF8F94EA5}.Debug|Win32.Build.0 = Debug|Win32
		{589A3D35-DABA-46A5-BF30-A22EF8F94EA5}.Debug|x64.ActiveCfg = Debug|Win32
		{589A3D35-DABA-46A5-BF30-A22EF8F94EA5}.Release|ARM.ActiveCfg = Release|Win32
		{589A3D35-DABA-46A5-BF30-A22EF8F94EA5}.Release|Win32.ActiveCfg = Release|Win32
		{589A3D35-DABA-46A5-BF30-A22EF8F94EA5}.Release|Win32.Build.0 = Release|Win32
		{589A3D35-DABA-46A5-BF30-A22EF8F94EA5}.Release|x64.ActiveCfg = Release|Win32
		{6F072BD5-6BF6-43F7-8D0C-881D82600DD6}.Debug|ARM.ActiveCfg = Debug|Win32
		{6F072BD5-6BF6-43F7-8D0C-881D82600DD6}.Debug|Win32.ActiveCfg = Debug|Win32
		{6F072BD5-6BF6-43F7-8D0C-881D82600DD6}.Debug|Win32.Build.0 = Debug|Win32
		{6F072BD5-6BF6-43F7-8D0C-881D82600DD6}.Debug|x64.ActiveCfg = Debug|Win32
		{6F072BD5-6BF6-43F7-8D0C-881D82600DD6}.Release|ARM.ActiveCfg = Release|Win32
		{6F072BD5-6BF6-43F7-8D0C-881D82600DD6}.Release|Win32.ActiveCfg = Release|Win32
		{6F072BD5-6BF6-43F7-8D0C-881D82600DD6}.Release|Win32.Build.0 = Release|Win32
		{6F072BD5-6BF6-43F7-8D0C-881D82600DD6}.Release|x64.ActiveCfg = Release|Win32
		{603CE656-CD1A-42A8-9845-D733438EB408}.Debug|ARM.ActiveCfg = Debug|Win32
		{603CE656-CD1A-42A8-9845-D733438EB408}.Debug|Win32.ActiveCfg = Debug|x64
		{603CE656-CD1A-42A8-9845-D733438EB408}.Debug|Win32.Build.0 = Debug|x64
		{603CE656-CD1A-42A8-9845-D733438EB408}.Debug|x64.ActiveCfg = Debug|Win32
		{603CE656-CD1A-42A8-9845-D733438EB408}.Release|ARM.ActiveCfg = Release|Win32
		{603CE656-CD1A-42A8-9845-D733438EB408}.Release|Win32.ActiveCfg = Release|x64
		{603CE656-CD1A-42A8-9845-D733438EB408}.Release|Win32.Build.0 = Release|x64
		{603CE656-CD1A-42A8-9845-D733438EB408}.Release|x64.ActiveCfg = Release|Win32
		{142C42F2-AC79-4365-8B97-29D7A94CFDDF}.Debug|ARM.ActiveCfg = Debug|Win32
		{142C42F2-AC79-4365-8B97-29D7A94CFDDF}.Debug|Win32.ActiveCfg = Debug|Win32
		{142C42F2-AC79-4365-8B97-29D7A94CFDDF}.Debug|Win32.Build.0 = Debug|Win32
		{142C42F2-AC79-4365-8B97-29D7A94CFDDF}.Debug|x64.ActiveCfg = Debug|Win32
		{142C42F2-AC79-4365-8B97-29D7A94CFDDF}.Release|ARM.ActiveCfg = Release|Win32
		{142C42F2-AC79-4365-8B97-29D7A94CFDDF}.Release|Win32.ActiveCfg = Release|Win32
		{142C42F2-AC79-4365-8B97-29D7A94CFDDF}.Release|Win32.Build.0 = Release|Win32
		{142C42F2-AC79-4365-8B97-29D7A94CFDDF}.Release|x64.ActiveCfg = Release|Win32
	EndGlobalSection
	GlobalSection(SolutionProperties) = preSolution
		HideSolutionNode = FALSE
	EndGlobalSection
	GlobalSection(NestedProjects) = preSolution
		{8BD345F5-D9D2-48E5-B94A-ECFD3ADD0C12} = {29F978D8-DB33-46AD-8FFA-88C546C2575B}
		{45D1188E-7602-4EF5-A320-AC10104B5BE6} = {3CA002B2-8978-45BD-AB03-DA408F9276E5}
		{A238D12D-CB17-4281-BC1C-0B96357DC45D} = {3CA002B2-8978-45BD-AB03-DA408F9276E5}
		{88602370-C636-45E5-B4D1-30D0C3361659} = {D3BEA75F-6F62-411F-99CF-458967700AC1}
		{C2D106D8-E1E1-4F6A-A0E8-D9E18FD2112D} = {D3BEA75F-6F62-411F-99CF-458967700AC1}
		{9DA3A343-BF4C-4167-88F9-076994F375D1} = {D3BEA75F-6F62-411F-99CF-458967700AC1}
		{8A456F4F-DAB4-4C14-A9F8-87E4ECB9B50F} = {AD9CE35F-659D-4BBE-B9AE-9BEBC1A72538}
		{9C3272B7-E4A4-426B-940D-B491980A9478} = {3CA002B2-8978-45BD-AB03-DA408F9276E5}
		{3E2C6493-E9A2-4510-8E92-58B24B33DBE1} = {3CA002B2-8978-45BD-AB03-DA408F9276E5}
		{6AFDDF67-EAB3-4FEB-9109-9EBD6AD5DF48} = {3CA002B2-8978-45BD-AB03-DA408F9276E5}
		{03D23A2A-505F-469A-9658-C7664D498C00} = {3CA002B2-8978-45BD-AB03-DA408F9276E5}
		{589A3D35-DABA-46A5-BF30-A22EF8F94EA5} = {3CA002B2-8978-45BD-AB03-DA408F9276E5}
		{6F072BD5-6BF6-43F7-8D0C-881D82600DD6} = {3CA002B2-8978-45BD-AB03-DA408F9276E5}
		{603CE656-CD1A-42A8-9845-D733438EB408} = {3CA002B2-8978-45BD-AB03-DA408F9276E5}
		{142C42F2-AC79-4365-8B97-29D7A94CFDDF} = {29F978D8-DB33-46AD-8FFA-88C546C2575B}
	EndGlobalSection
EndGlobal
