<?xml version="1.0" encoding="utf-8"?>
<Project ToolsVersion="4.0" xmlns="http://schemas.microsoft.com/developer/msbuild/2003">
  <ItemGroup>
    <Filter Include="Resource Files">
      <UniqueIdentifier>{67DA6AB6-F800-4c08-8B7A-83BB121AAD01}</UniqueIdentifier>
      <Extensions>rc;ico;cur;bmp;dlg;rc2;rct;bin;rgs;gif;jpg;jpeg;jpe;resx;tiff;tif;png;wav;mfcribbon-ms</Extensions>
    </Filter>
    <Filter Include="Graphics System">
      <UniqueIdentifier>{39ddbed2-40d9-40e6-918d-b416aeed2981}</UniqueIdentifier>
    </Filter>
    <Filter Include="Win32">
      <UniqueIdentifier>{3e79d4ba-01e8-4109-943d-cc52d2c1a9be}</UniqueIdentifier>
    </Filter>
    <Filter Include="PreCompiled">
      <UniqueIdentifier>{971ef304-6519-4dd5-97e0-08c624b3b029}</UniqueIdentifier>
    </Filter>
  </ItemGroup>
  <ItemGroup>
    <ClInclude Include="Game.h" />
    <ClInclude Include="..\..\Resources\Resource.h">
      <Filter>Resource Files</Filter>
    </ClInclude>
    <ClInclude Include="..\..\Resources\targetver.h">
      <Filter>Resource Files</Filter>
    </ClInclude>
    <ClInclude Include="Win32Management.h">
      <Filter>Win32</Filter>
    </ClInclude>
    <ClInclude Include="PreCompiled.h">
      <Filter>PreCompiled</Filter>
    </ClInclude>
    <ClInclude Include="GraphicsSystem.h">
      <Filter>Graphics System</Filter>
    </ClInclude>
  </ItemGroup>
  <ItemGroup>
    <ClCompile Include="Game.cpp" />
    <ClCompile Include="Win32Management.cpp">
      <Filter>Win32</Filter>
    </ClCompile>
    <ClCompile Include="PreCompiled.cpp">
      <Filter>PreCompiled</Filter>
    </ClCompile>
    <ClCompile Include="GraphicsSystem.cpp">
      <Filter>Graphics System</Filter>
    </ClCompile>
  </ItemGroup>
  <ItemGroup>
    <ResourceCompile Include="..\..\Resources\Game.rc">
      <Filter>Resource Files</Filter>
    </ResourceCompile>
  </ItemGroup>
  <ItemGroup>
    <Image Include="..\..\Resources\Game.ico">
      <Filter>Resource Files</Filter>
    </Image>
    <Image Include="..\..\Resources\small.ico">
      <Filter>Resource Files</Filter>
    </Image>
  </ItemGroup>
</Project>