<?xml version="1.0" encoding="utf-8"?>
<Project ToolsVersion="4.0" xmlns="http://schemas.microsoft.com/developer/msbuild/2003">
  <ItemGroup>
    <ClInclude Include="Game.h" />
    <ClInclude Include="PreCompiled.h" />
    <ClInclude Include="PlayerController.h" />
    <ClInclude Include="CameraController.h" />
    <ClInclude Include="LightController.h" />
  </ItemGroup>
  <ItemGroup>
    <ClCompile Include="Game.cpp" />
    <ClCompile Include="PreCompiled.cpp" />
    <ClCompile Include="PlayerController.cpp" />
    <ClCompile Include="CameraController.cpp" />
    <ClCompile Include="LightController.cpp" />
  </ItemGroup>
</Project>