<?xml version="1.0" encoding="utf-8"?>
<Project ToolsVersion="4.0" xmlns="http://schemas.microsoft.com/developer/msbuild/2003">
  <ItemGroup>
    <ClCompile Include="PreCompiled.cpp" />
    <ClCompile Include="Debug.cpp">
      <Filter>Debug</Filter>
    </ClCompile>
    <ClCompile Include="GraphicsSystem.cpp">
      <Filter>GraphicsSystem</Filter>
    </ClCompile>
    <ClCompile Include="Material.cpp">
      <Filter>GraphicsSystem</Filter>
    </ClCompile>
  </ItemGroup>
  <ItemGroup>
    <ClInclude Include="PreCompiled.h" />
    <ClInclude Include="Debug.h">
      <Filter>Debug</Filter>
    </ClInclude>
    <ClInclude Include="GraphicsSystem.h">
      <Filter>GraphicsSystem</Filter>
    </ClInclude>
    <ClInclude Include="Material.h">
      <Filter>GraphicsSystem</Filter>
    </ClInclude>
  </ItemGroup>
  <ItemGroup>
    <Filter Include="GraphicsSystem">
      <UniqueIdentifier>{bd1813e4-a295-496b-bb19-28eab9baaf4d}</UniqueIdentifier>
    </Filter>
    <Filter Include="Debug">
      <UniqueIdentifier>{434c9b6c-8ee7-4816-b0ab-3838a640c9c9}</UniqueIdentifier>
    </Filter>
  </ItemGroup>
</Project>